
Microsoft Visual Studio Solution File, Format Version 12.00
# Visual Studio Version 17
VisualStudioVersion = 17.6.33829.357
MinimumVisualStudioVersion = 10.0.40219.1
Project("{FAE04EC0-301F-11D3-BF4B-00C04F79EFBC}") = "Dil_ki_awaz", "Dil_ki_awaz\Dil_ki_awaz.csproj", "{4AFE8785-9D7B-4D28-B52B-33CD05DCA9D8}"
EndProject
Project("{FAE04EC0-301F-11D3-BF4B-00C04F79EFBC}") = "Database", "Database\Database.csproj", "{A8593440-F2B4-40AE-A096-ADC96F560B5D}"
EndProject
Global
	GlobalSection(SolutionConfigurationPlatforms) = preSolution
		Debug|Any CPU = Debug|Any CPU
		Release|Any CPU = Release|Any CPU
	EndGlobalSection
	GlobalSection(ProjectConfigurationPlatforms) = postSolution
		{4AFE8785-9D7B-4D28-B52B-33CD05DCA9D8}.Debug|Any CPU.ActiveCfg = Debug|Any CPU
		{4AFE8785-9D7B-4D28-B52B-33CD05DCA9D8}.Debug|Any CPU.Build.0 = Debug|Any CPU
		{4AFE8785-9D7B-4D28-B52B-33CD05DCA9D8}.Release|Any CPU.ActiveCfg = Release|Any CPU
		{4AFE8785-9D7B-4D28-B52B-33CD05DCA9D8}.Release|Any CPU.Build.0 = Release|Any CPU
		{A8593440-F2B4-40AE-A096-ADC96F560B5D}.Debug|Any CPU.ActiveCfg = Debug|Any CPU
		{A8593440-F2B4-40AE-A096-ADC96F560B5D}.Debug|Any CPU.Build.0 = Debug|Any CPU
		{A8593440-F2B4-40AE-A096-ADC96F560B5D}.Release|Any CPU.ActiveCfg = Release|Any CPU
		{A8593440-F2B4-40AE-A096-ADC96F560B5D}.Release|Any CPU.Build.0 = Release|Any CPU
	EndGlobalSection
	GlobalSection(SolutionProperties) = preSolution
		HideSolutionNode = FALSE
	EndGlobalSection
	GlobalSection(ExtensibilityGlobals) = postSolution
		SolutionGuid = {8D028E2E-33EC-435E-A884-046197ED7B1C}
	EndGlobalSection
EndGlobal
